
Microsoft Visual Studio Solution File, Format Version 12.00
# Visual Studio 14
VisualStudioVersion = 14.0.25420.1
MinimumVisualStudioVersion = 10.0.40219.1
Project("{FAE04EC0-301F-11D3-BF4B-00C04F79EFBC}") = "DiceGame", "DiceGame\DiceGame.csproj", "{A03A8DFF-C521-4C43-8977-CD4D1C03BA54}"
EndProject
Project("{FAE04EC0-301F-11D3-BF4B-00C04F79EFBC}") = "DiceGameTests", "DiceGameTests\DiceGameTests.csproj", "{417491A0-175F-4104-827F-57F74E815B87}"
EndProject
Project("{2150E333-8FDC-42A3-9474-1A3956D46DE8}") = "Solution Items", "Solution Items", "{26192A5A-3A38-42ED-9740-1AE9E99347EF}"
EndProject
Global
	GlobalSection(SolutionConfigurationPlatforms) = preSolution
		Debug|Any CPU = Debug|Any CPU
		Release|Any CPU = Release|Any CPU
	EndGlobalSection
	GlobalSection(ProjectConfigurationPlatforms) = postSolution
		{A03A8DFF-C521-4C43-8977-CD4D1C03BA54}.Debug|Any CPU.ActiveCfg = Debug|Any CPU
		{A03A8DFF-C521-4C43-8977-CD4D1C03BA54}.Debug|Any CPU.Build.0 = Debug|Any CPU
		{A03A8DFF-C521-4C43-8977-CD4D1C03BA54}.Release|Any CPU.ActiveCfg = Release|Any CPU
		{A03A8DFF-C521-4C43-8977-CD4D1C03BA54}.Release|Any CPU.Build.0 = Release|Any CPU
		{417491A0-175F-4104-827F-57F74E815B87}.Debug|Any CPU.ActiveCfg = Debug|Any CPU
		{417491A0-175F-4104-827F-57F74E815B87}.Debug|Any CPU.Build.0 = Debug|Any CPU
		{417491A0-175F-4104-827F-57F74E815B87}.Release|Any CPU.ActiveCfg = Release|Any CPU
		{417491A0-175F-4104-827F-57F74E815B87}.Release|Any CPU.Build.0 = Release|Any CPU
	EndGlobalSection
	GlobalSection(SolutionProperties) = preSolution
		HideSolutionNode = FALSE
	EndGlobalSection
EndGlobal
